
Microsoft Visual Studio Solution File, Format Version 12.00
# Visual Studio Version 17
VisualStudioVersion = 17.7.34031.279
MinimumVisualStudioVersion = 10.0.40219.1
Project("{FAE04EC0-301F-11D3-BF4B-00C04F79EFBC}") = "Planilla.AppMovil", "Proyectog5\Planilla.AppMovil.csproj", "{BC73819C-EAF9-4A06-8C8D-AFB8D8CBD4AF}"
EndProject
Global
	GlobalSection(SolutionConfigurationPlatforms) = preSolution
		Debug|Any CPU = Debug|Any CPU
		Release|Any CPU = Release|Any CPU
	EndGlobalSection
	GlobalSection(ProjectConfigurationPlatforms) = postSolution
		{BC73819C-EAF9-4A06-8C8D-AFB8D8CBD4AF}.Debug|Any CPU.ActiveCfg = Debug|Any CPU
		{BC73819C-EAF9-4A06-8C8D-AFB8D8CBD4AF}.Debug|Any CPU.Build.0 = Debug|Any CPU
		{BC73819C-EAF9-4A06-8C8D-AFB8D8CBD4AF}.Debug|Any CPU.Deploy.0 = Debug|Any CPU
		{BC73819C-EAF9-4A06-8C8D-AFB8D8CBD4AF}.Release|Any CPU.ActiveCfg = Release|Any CPU
		{BC73819C-EAF9-4A06-8C8D-AFB8D8CBD4AF}.Release|Any CPU.Build.0 = Release|Any CPU
		{BC73819C-EAF9-4A06-8C8D-AFB8D8CBD4AF}.Release|Any CPU.Deploy.0 = Release|Any CPU
	EndGlobalSection
	GlobalSection(SolutionProperties) = preSolution
		HideSolutionNode = FALSE
	EndGlobalSection
	GlobalSection(ExtensibilityGlobals) = postSolution
		SolutionGuid = {EADBD064-D918-460E-8812-BEAAEEA8ABBD}
	EndGlobalSection
EndGlobal
